// !$*UTF8*$!
{
	archiveVersion = 1;
	classes = {
	};
	objectVersion = 56;
	objects = {

/* Begin PBXBuildFile section */
		A664ED5B2C2B07BF00BF7709 /* AppDelegate.swift in Sources */ = {isa = PBXBuildFile; fileRef = A664ED5A2C2B07BF00BF7709 /* AppDelegate.swift */; };
		A664ED5D2C2B07BF00BF7709 /* SceneDelegate.swift in Sources */ = {isa = PBXBuildFile; fileRef = A664ED5C2C2B07BF00BF7709 /* SceneDelegate.swift */; };
		A664ED5F2C2B07BF00BF7709 /* ViewController.swift in Sources */ = {isa = PBXBuildFile; fileRef = A664ED5E2C2B07BF00BF7709 /* ViewController.swift */; };
		A664ED622C2B07BF00BF7709 /* Base in Resources */ = {isa = PBXBuildFile; fileRef = A664ED612C2B07BF00BF7709 /* Base */; };
		A664ED642C2B07C000BF7709 /* Assets.xcassets in Resources */ = {isa = PBXBuildFile; fileRef = A664ED632C2B07C000BF7709 /* Assets.xcassets */; };
		A664ED672C2B07C000BF7709 /* Base in Resources */ = {isa = PBXBuildFile; fileRef = A664ED662C2B07C000BF7709 /* Base */; };
		A664ED722C2B07C000BF7709 /* MomentsTests.swift in Sources */ = {isa = PBXBuildFile; fileRef = A664ED712C2B07C000BF7709 /* MomentsTests.swift */; };
		A664ED7C2C2B07C000BF7709 /* MomentsUITests.swift in Sources */ = {isa = PBXBuildFile; fileRef = A664ED7B2C2B07C000BF7709 /* MomentsUITests.swift */; };
		A664ED7E2C2B07C000BF7709 /* MomentsUITestsLaunchTests.swift in Sources */ = {isa = PBXBuildFile; fileRef = A664ED7D2C2B07C000BF7709 /* MomentsUITestsLaunchTests.swift */; };
/* End PBXBuildFile section */

/* Begin PBXContainerItemProxy section */
		A664ED6E2C2B07C000BF7709 /* PBXContainerItemProxy */ = {
			isa = PBXContainerItemProxy;
			containerPortal = A664ED4F2C2B07BF00BF7709 /* Project object */;
			proxyType = 1;
			remoteGlobalIDString = A664ED562C2B07BF00BF7709;
			remoteInfo = Moments;
		};
		A664ED782C2B07C000BF7709 /* PBXContainerItemProxy */ = {
			isa = PBXContainerItemProxy;
			containerPortal = A664ED4F2C2B07BF00BF7709 /* Project object */;
			proxyType = 1;
			remoteGlobalIDString = A664ED562C2B07BF00BF7709;
			remoteInfo = Moments;
		};
/* End PBXContainerItemProxy section */

/* Begin PBXFileReference section */
		A664ED572C2B07BF00BF7709 /* Moments.app */ = {isa = PBXFileReference; explicitFileType = wrapper.application; includeInIndex = 0; path = Moments.app; sourceTree = BUILT_PRODUCTS_DIR; };
		A664ED5A2C2B07BF00BF7709 /* AppDelegate.swift */ = {isa = PBXFileReference; lastKnownFileType = sourcecode.swift; path = AppDelegate.swift; sourceTree = "<group>"; };
		A664ED5C2C2B07BF00BF7709 /* SceneDelegate.swift */ = {isa = PBXFileReference; lastKnownFileType = sourcecode.swift; path = SceneDelegate.swift; sourceTree = "<group>"; };
		A664ED5E2C2B07BF00BF7709 /* ViewController.swift */ = {isa = PBXFileReference; lastKnownFileType = sourcecode.swift; path = ViewController.swift; sourceTree = "<group>"; };
		A664ED612C2B07BF00BF7709 /* Base */ = {isa = PBXFileReference; lastKnownFileType = file.storyboard; name = Base; path = Base.lproj/Main.storyboard; sourceTree = "<group>"; };
		A664ED632C2B07C000BF7709 /* Assets.xcassets */ = {isa = PBXFileReference; lastKnownFileType = folder.assetcatalog; path = Assets.xcassets; sourceTree = "<group>"; };
		A664ED662C2B07C000BF7709 /* Base */ = {isa = PBXFileReference; lastKnownFileType = file.storyboard; name = Base; path = Base.lproj/LaunchScreen.storyboard; sourceTree = "<group>"; };
		A664ED682C2B07C000BF7709 /* Info.plist */ = {isa = PBXFileReference; lastKnownFileType = text.plist.xml; path = Info.plist; sourceTree = "<group>"; };
		A664ED6D2C2B07C000BF7709 /* MomentsTests.xctest */ = {isa = PBXFileReference; explicitFileType = wrapper.cfbundle; includeInIndex = 0; path = MomentsTests.xctest; sourceTree = BUILT_PRODUCTS_DIR; };
		A664ED712C2B07C000BF7709 /* MomentsTests.swift */ = {isa = PBXFileReference; lastKnownFileType = sourcecode.swift; path = MomentsTests.swift; sourceTree = "<group>"; };
		A664ED772C2B07C000BF7709 /* MomentsUITests.xctest */ = {isa = PBXFileReference; explicitFileType = wrapper.cfbundle; includeInIndex = 0; path = MomentsUITests.xctest; sourceTree = BUILT_PRODUCTS_DIR; };
		A664ED7B2C2B07C000BF7709 /* MomentsUITests.swift */ = {isa = PBXFileReference; lastKnownFileType = sourcecode.swift; path = MomentsUITests.swift; sourceTree = "<group>"; };
		A664ED7D2C2B07C000BF7709 /* MomentsUITestsLaunchTests.swift */ = {isa = PBXFileReference; lastKnownFileType = sourcecode.swift; path = MomentsUITestsLaunchTests.swift; sourceTree = "<group>"; };
/* End PBXFileReference section */

/* Begin PBXFrameworksBuildPhase section */
		A664ED542C2B07BF00BF7709 /* Frameworks */ = {
			isa = PBXFrameworksBuildPhase;
			buildActionMask = 2147483647;
			files = (
			);
			runOnlyForDeploymentPostprocessing = 0;
		};
		A664ED6A2C2B07C000BF7709 /* Frameworks */ = {
			isa = PBXFrameworksBuildPhase;
			buildActionMask = 2147483647;
			files = (
			);
			runOnlyForDeploymentPostprocessing = 0;
		};
		A664ED742C2B07C000BF7709 /* Frameworks */ = {
			isa = PBXFrameworksBuildPhase;
			buildActionMask = 2147483647;
			files = (
			);
			runOnlyForDeploymentPostprocessing = 0;
		};
/* End PBXFrameworksBuildPhase section */

/* Begin PBXGroup section */
		A664ED4E2C2B07BF00BF7709 = {
			isa = PBXGroup;
			children = (
				A664ED592C2B07BF00BF7709 /* Moments */,
				A664ED702C2B07C000BF7709 /* MomentsTests */,
				A664ED7A2C2B07C000BF7709 /* MomentsUITests */,
				A664ED582C2B07BF00BF7709 /* Products */,
			);
			sourceTree = "<group>";
		};
		A664ED582C2B07BF00BF7709 /* Products */ = {
			isa = PBXGroup;
			children = (
				A664ED572C2B07BF00BF7709 /* Moments.app */,
				A664ED6D2C2B07C000BF7709 /* MomentsTests.xctest */,
				A664ED772C2B07C000BF7709 /* MomentsUITests.xctest */,
			);
			name = Products;
			sourceTree = "<group>";
		};
		A664ED592C2B07BF00BF7709 /* Moments */ = {
			isa = PBXGroup;
			children = (
				A664ED5A2C2B07BF00BF7709 /* AppDelegate.swift */,
				A664ED5C2C2B07BF00BF7709 /* SceneDelegate.swift */,
				A664ED5E2C2B07BF00BF7709 /* ViewController.swift */,
				A664ED602C2B07BF00BF7709 /* Main.storyboard */,
				A664ED632C2B07C000BF7709 /* Assets.xcassets */,
				A664ED652C2B07C000BF7709 /* LaunchScreen.storyboard */,
				A664ED682C2B07C000BF7709 /* Info.plist */,
			);
			path = Moments;
			sourceTree = "<group>";
		};
		A664ED702C2B07C000BF7709 /* MomentsTests */ = {
			isa = PBXGroup;
			children = (
				A664ED712C2B07C000BF7709 /* MomentsTests.swift */,
			);
			path = MomentsTests;
			sourceTree = "<group>";
		};
		A664ED7A2C2B07C000BF7709 /* MomentsUITests */ = {
			isa = PBXGroup;
			children = (
				A664ED7B2C2B07C000BF7709 /* MomentsUITests.swift */,
				A664ED7D2C2B07C000BF7709 /* MomentsUITestsLaunchTests.swift */,
			);
			path = MomentsUITests;
			sourceTree = "<group>";
		};
/* End PBXGroup section */

/* Begin PBXNativeTarget section */
		A664ED562C2B07BF00BF7709 /* Moments */ = {
			isa = PBXNativeTarget;
			buildConfigurationList = A664ED812C2B07C000BF7709 /* Build configuration list for PBXNativeTarget "Moments" */;
			buildPhases = (
				A664ED532C2B07BF00BF7709 /* Sources */,
				A664ED542C2B07BF00BF7709 /* Frameworks */,
				A664ED552C2B07BF00BF7709 /* Resources */,
			);
			buildRules = (
			);
			dependencies = (
			);
			name = Moments;
			productName = Moments;
			productReference = A664ED572C2B07BF00BF7709 /* Moments.app */;
			productType = "com.apple.product-type.application";
		};
		A664ED6C2C2B07C000BF7709 /* MomentsTests */ = {
			isa = PBXNativeTarget;
			buildConfigurationList = A664ED842C2B07C000BF7709 /* Build configuration list for PBXNativeTarget "MomentsTests" */;
			buildPhases = (
				A664ED692C2B07C000BF7709 /* Sources */,
				A664ED6A2C2B07C000BF7709 /* Frameworks */,
				A664ED6B2C2B07C000BF7709 /* Resources */,
			);
			buildRules = (
			);
			dependencies = (
				A664ED6F2C2B07C000BF7709 /* PBXTargetDependency */,
			);
			name = MomentsTests;
			productName = MomentsTests;
			productReference = A664ED6D2C2B07C000BF7709 /* MomentsTests.xctest */;
			productType = "com.apple.product-type.bundle.unit-test";
		};
		A664ED762C2B07C000BF7709 /* MomentsUITests */ = {
			isa = PBXNativeTarget;
			buildConfigurationList = A664ED872C2B07C000BF7709 /* Build configuration list for PBXNativeTarget "MomentsUITests" */;
			buildPhases = (
				A664ED732C2B07C000BF7709 /* Sources */,
				A664ED742C2B07C000BF7709 /* Frameworks */,
				A664ED752C2B07C000BF7709 /* Resources */,
			);
			buildRules = (
			);
			dependencies = (
				A664ED792C2B07C000BF7709 /* PBXTargetDependency */,
			);
			name = MomentsUITests;
			productName = MomentsUITests;
			productReference = A664ED772C2B07C000BF7709 /* MomentsUITests.xctest */;
			productType = "com.apple.product-type.bundle.ui-testing";
		};
/* End PBXNativeTarget section */

/* Begin PBXProject section */
		A664ED4F2C2B07BF00BF7709 /* Project object */ = {
			isa = PBXProject;
			attributes = {
				BuildIndependentTargetsInParallel = 1;
				LastSwiftUpdateCheck = 1530;
				LastUpgradeCheck = 1530;
				TargetAttributes = {
					A664ED562C2B07BF00BF7709 = {
						CreatedOnToolsVersion = 15.3;
					};
					A664ED6C2C2B07C000BF7709 = {
						CreatedOnToolsVersion = 15.3;
						TestTargetID = A664ED562C2B07BF00BF7709;
					};
					A664ED762C2B07C000BF7709 = {
						CreatedOnToolsVersion = 15.3;
						TestTargetID = A664ED562C2B07BF00BF7709;
					};
				};
			};
			buildConfigurationList = A664ED522C2B07BF00BF7709 /* Build configuration list for PBXProject "Moments" */;
			compatibilityVersion = "Xcode 14.0";
			developmentRegion = en;
			hasScannedForEncodings = 0;
			knownRegions = (
				en,
				Base,
			);
			mainGroup = A664ED4E2C2B07BF00BF7709;
			productRefGroup = A664ED582C2B07BF00BF7709 /* Products */;
			projectDirPath = "";
			projectRoot = "";
			targets = (
				A664ED562C2B07BF00BF7709 /* Moments */,
				A664ED6C2C2B07C000BF7709 /* MomentsTests */,
				A664ED762C2B07C000BF7709 /* MomentsUITests */,
			);
		};
/* End PBXProject section */

/* Begin PBXResourcesBuildPhase section */
		A664ED552C2B07BF00BF7709 /* Resources */ = {
			isa = PBXResourcesBuildPhase;
			buildActionMask = 2147483647;
			files = (
				A664ED642C2B07C000BF7709 /* Assets.xcassets in Resources */,
				A664ED672C2B07C000BF7709 /* Base in Resources */,
				A664ED622C2B07BF00BF7709 /* Base in Resources */,
			);
			runOnlyForDeploymentPostprocessing = 0;
		};
		A664ED6B2C2B07C000BF7709 /* Resources */ = {
			isa = PBXResourcesBuildPhase;
			buildActionMask = 2147483647;
			files = (
			);
			runOnlyForDeploymentPostprocessing = 0;
		};
		A664ED752C2B07C000BF7709 /* Resources */ = {
			isa = PBXResourcesBuildPhase;
			buildActionMask = 2147483647;
			files = (
			);
			runOnlyForDeploymentPostprocessing = 0;
		};
/* End PBXResourcesBuildPhase section */

/* Begin PBXSourcesBuildPhase section */
		A664ED532C2B07BF00BF7709 /* Sources */ = {
			isa = PBXSourcesBuildPhase;
			buildActionMask = 2147483647;
			files = (
				A664ED5F2C2B07BF00BF7709 /* ViewController.swift in Sources */,
				A664ED5B2C2B07BF00BF7709 /* AppDelegate.swift in Sources */,
				A664ED5D2C2B07BF00BF7709 /* SceneDelegate.swift in Sources */,
			);
			runOnlyForDeploymentPostprocessing = 0;
		};
		A664ED692C2B07C000BF7709 /* Sources */ = {
			isa = PBXSourcesBuildPhase;
			buildActionMask = 2147483647;
			files = (
				A664ED722C2B07C000BF7709 /* MomentsTests.swift in Sources */,
			);
			runOnlyForDeploymentPostprocessing = 0;
		};
		A664ED732C2B07C000BF7709 /* Sources */ = {
			isa = PBXSourcesBuildPhase;
			buildActionMask = 2147483647;
			files = (
				A664ED7E2C2B07C000BF7709 /* MomentsUITestsLaunchTests.swift in Sources */,
				A664ED7C2C2B07C000BF7709 /* MomentsUITests.swift in Sources */,
			);
			runOnlyForDeploymentPostprocessing = 0;
		};
/* End PBXSourcesBuildPhase section */

/* Begin PBXTargetDependency section */
		A664ED6F2C2B07C000BF7709 /* PBXTargetDependency */ = {
			isa = PBXTargetDependency;
			target = A664ED562C2B07BF00BF7709 /* Moments */;
			targetProxy = A664ED6E2C2B07C000BF7709 /* PBXContainerItemProxy */;
		};
		A664ED792C2B07C000BF7709 /* PBXTargetDependency */ = {
			isa = PBXTargetDependency;
			target = A664ED562C2B07BF00BF7709 /* Moments */;
			targetProxy = A664ED782C2B07C000BF7709 /* PBXContainerItemProxy */;
		};
/* End PBXTargetDependency section */

/* Begin PBXVariantGroup section */
		A664ED602C2B07BF00BF7709 /* Main.storyboard */ = {
			isa = PBXVariantGroup;
			children = (
				A664ED612C2B07BF00BF7709 /* Base */,
			);
			name = Main.storyboard;
			sourceTree = "<group>";
		};
		A664ED652C2B07C000BF7709 /* LaunchScreen.storyboard */ = {
			isa = PBXVariantGroup;
			children = (
				A664ED662C2B07C000BF7709 /* Base */,
			);
			name = LaunchScreen.storyboard;
			sourceTree = "<group>";
		};
/* End PBXVariantGroup section */

/* Begin XCBuildConfiguration section */
		A664ED7F2C2B07C000BF7709 /* Debug */ = {
			isa = XCBuildConfiguration;
			buildSettings = {
				ALWAYS_SEARCH_USER_PATHS = NO;
				ASSETCATALOG_COMPILER_GENERATE_SWIFT_ASSET_SYMBOL_EXTENSIONS = YES;
				CLANG_ANALYZER_NONNULL = YES;
				CLANG_ANALYZER_NUMBER_OBJECT_CONVERSION = YES_AGGRESSIVE;
				CLANG_CXX_LANGUAGE_STANDARD = "gnu++20";
				CLANG_ENABLE_MODULES = YES;
				CLANG_ENABLE_OBJC_ARC = YES;
				CLANG_ENABLE_OBJC_WEAK = YES;
				CLANG_WARN_BLOCK_CAPTURE_AUTORELEASING = YES;
				CLANG_WARN_BOOL_CONVERSION = YES;
				CLANG_WARN_COMMA = YES;
				CLANG_WARN_CONSTANT_CONVERSION = YES;
				CLANG_WARN_DEPRECATED_OBJC_IMPLEMENTATIONS = YES;
				CLANG_WARN_DIRECT_OBJC_ISA_USAGE = YES_ERROR;
				CLANG_WARN_DOCUMENTATION_COMMENTS = YES;
				CLANG_WARN_EMPTY_BODY = YES;
				CLANG_WARN_ENUM_CONVERSION = YES;
				CLANG_WARN_INFINITE_RECURSION = YES;
				CLANG_WARN_INT_CONVERSION = YES;
				CLANG_WARN_NON_LITERAL_NULL_CONVERSION = YES;
				CLANG_WARN_OBJC_IMPLICIT_RETAIN_SELF = YES;
				CLANG_WARN_OBJC_LITERAL_CONVERSION = YES;
				CLANG_WARN_OBJC_ROOT_CLASS = YES_ERROR;
				CLANG_WARN_QUOTED_INCLUDE_IN_FRAMEWORK_HEADER = YES;
				CLANG_WARN_RANGE_LOOP_ANALYSIS = YES;
				CLANG_WARN_STRICT_PROTOTYPES = YES;
				CLANG_WARN_SUSPICIOUS_MOVE = YES;
				CLANG_WARN_UNGUARDED_AVAILABILITY = YES_AGGRESSIVE;
				CLANG_WARN_UNREACHABLE_CODE = YES;
				CLANG_WARN__DUPLICATE_METHOD_MATCH = YES;
				COPY_PHASE_STRIP = NO;
				DEBUG_INFORMATION_FORMAT = dwarf;
				ENABLE_STRICT_OBJC_MSGSEND = YES;
				ENABLE_TESTABILITY = YES;
				ENABLE_USER_SCRIPT_SANDBOXING = YES;
				GCC_C_LANGUAGE_STANDARD = gnu17;
				GCC_DYNAMIC_NO_PIC = NO;
				GCC_NO_COMMON_BLOCKS = YES;
				GCC_OPTIMIZATION_LEVEL = 0;
				GCC_PREPROCESSOR_DEFINITIONS = (
					"DEBUG=1",
					"$(inherited)",
				);
				GCC_WARN_64_TO_32_BIT_CONVERSION = YES;
				GCC_WARN_ABOUT_RETURN_TYPE = YES_ERROR;
				GCC_WARN_UNDECLARED_SELECTOR = YES;
				GCC_WARN_UNINITIALIZED_AUTOS = YES_AGGRESSIVE;
				GCC_WARN_UNUSED_FUNCTION = YES;
				GCC_WARN_UNUSED_VARIABLE = YES;
				IPHONEOS_DEPLOYMENT_TARGET = 17.4;
				LOCALIZATION_PREFERS_STRING_CATALOGS = YES;
				MTL_ENABLE_DEBUG_INFO = INCLUDE_SOURCE;
				MTL_FAST_MATH = YES;
				ONLY_ACTIVE_ARCH = YES;
				SDKROOT = iphoneos;
				SWIFT_ACTIVE_COMPILATION_CONDITIONS = "DEBUG $(inherited)";
				SWIFT_OPTIMIZATION_LEVEL = "-Onone";
			};
			name = Debug;
		};
		A664ED802C2B07C000BF7709 /* Release */ = {
			isa = XCBuildConfiguration;
			buildSettings = {
				ALWAYS_SEARCH_USER_PATHS = NO;
				ASSETCATALOG_COMPILER_GENERATE_SWIFT_ASSET_SYMBOL_EXTENSIONS = YES;
				CLANG_ANALYZER_NONNULL = YES;
				CLANG_ANALYZER_NUMBER_OBJECT_CONVERSION = YES_AGGRESSIVE;
				CLANG_CXX_LANGUAGE_STANDARD = "gnu++20";
				CLANG_ENABLE_MODULES = YES;
				CLANG_ENABLE_OBJC_ARC = YES;
				CLANG_ENABLE_OBJC_WEAK = YES;
				CLANG_WARN_BLOCK_CAPTURE_AUTORELEASING = YES;
				CLANG_WARN_BOOL_CONVERSION = YES;
				CLANG_WARN_COMMA = YES;
				CLANG_WARN_CONSTANT_CONVERSION = YES;
				CLANG_WARN_DEPRECATED_OBJC_IMPLEMENTATIONS = YES;
				CLANG_WARN_DIRECT_OBJC_ISA_USAGE = YES_ERROR;
				CLANG_WARN_DOCUMENTATION_COMMENTS = YES;
				CLANG_WARN_EMPTY_BODY = YES;
				CLANG_WARN_ENUM_CONVERSION = YES;
				CLANG_WARN_INFINITE_RECURSION = YES;
				CLANG_WARN_INT_CONVERSION = YES;
				CLANG_WARN_NON_LITERAL_NULL_CONVERSION = YES;
				CLANG_WARN_OBJC_IMPLICIT_RETAIN_SELF = YES;
				CLANG_WARN_OBJC_LITERAL_CONVERSION = YES;
				CLANG_WARN_OBJC_ROOT_CLASS = YES_ERROR;
				CLANG_WARN_QUOTED_INCLUDE_IN_FRAMEWORK_HEADER = YES;
				CLANG_WARN_RANGE_LOOP_ANALYSIS = YES;
				CLANG_WARN_STRICT_PROTOTYPES = YES;
				CLANG_WARN_SUSPICIOUS_MOVE = YES;
				CLANG_WARN_UNGUARDED_AVAILABILITY = YES_AGGRESSIVE;
				CLANG_WARN_UNREACHABLE_CODE = YES;
				CLANG_WARN__DUPLICATE_METHOD_MATCH = YES;
				COPY_PHASE_STRIP = NO;
				DEBUG_INFORMATION_FORMAT = "dwarf-with-dsym";
				ENABLE_NS_ASSERTIONS = NO;
				ENABLE_STRICT_OBJC_MSGSEND = YES;
				ENABLE_USER_SCRIPT_SANDBOXING = YES;
				GCC_C_LANGUAGE_STANDARD = gnu17;
				GCC_NO_COMMON_BLOCKS = YES;
				GCC_WARN_64_TO_32_BIT_CONVERSION = YES;
				GCC_WARN_ABOUT_RETURN_TYPE = YES_ERROR;
				GCC_WARN_UNDECLARED_SELECTOR = YES;
				GCC_WARN_UNINITIALIZED_AUTOS = YES_AGGRESSIVE;
				GCC_WARN_UNUSED_FUNCTION = YES;
				GCC_WARN_UNUSED_VARIABLE = YES;
				IPHONEOS_DEPLOYMENT_TARGET = 17.4;
				LOCALIZATION_PREFERS_STRING_CATALOGS = YES;
				MTL_ENABLE_DEBUG_INFO = NO;
				MTL_FAST_MATH = YES;
				SDKROOT = iphoneos;
				SWIFT_COMPILATION_MODE = wholemodule;
				VALIDATE_PRODUCT = YES;
			};
			name = Release;
		};
		A664ED822C2B07C000BF7709 /* Debug */ = {
			isa = XCBuildConfiguration;
			buildSettings = {
				ASSETCATALOG_COMPILER_APPICON_NAME = AppIcon;
				ASSETCATALOG_COMPILER_GLOBAL_ACCENT_COLOR_NAME = AccentColor;
				CODE_SIGN_STYLE = Automatic;
				CURRENT_PROJECT_VERSION = 1;
				GENERATE_INFOPLIST_FILE = YES;
				INFOPLIST_FILE = Moments/Info.plist;
				INFOPLIST_KEY_UIApplicationSupportsIndirectInputEvents = YES;
				INFOPLIST_KEY_UILaunchStoryboardName = LaunchScreen;
				INFOPLIST_KEY_UIMainStoryboardFile = Main;
				INFOPLIST_KEY_UISupportedInterfaceOrientations_iPad = "UIInterfaceOrientationPortrait UIInterfaceOrientationPortraitUpsideDown UIInterfaceOrientationLandscapeLeft UIInterfaceOrientationLandscapeRight";
				INFOPLIST_KEY_UISupportedInterfaceOrientations_iPhone = "UIInterfaceOrientationPortrait UIInterfaceOrientationLandscapeLeft UIInterfaceOrientationLandscapeRight";
				LD_RUNPATH_SEARCH_PATHS = (
					"$(inherited)",
					"@executable_path/Frameworks",
				);
				MARKETING_VERSION = 1.0;
				PRODUCT_BUNDLE_IDENTIFIER = com.safe.Moments;
				PRODUCT_NAME = "$(TARGET_NAME)";
				SWIFT_EMIT_LOC_STRINGS = YES;
				SWIFT_VERSION = 5.0;
				TARGETED_DEVICE_FAMILY = "1,2";
			};
			name = Debug;
		};
		A664ED832C2B07C000BF7709 /* Release */ = {
			isa = XCBuildConfiguration;
			buildSettings = {
				ASSETCATALOG_COMPILER_APPICON_NAME = AppIcon;
				ASSETCATALOG_COMPILER_GLOBAL_ACCENT_COLOR_NAME = AccentColor;
				CODE_SIGN_STYLE = Automatic;
				CURRENT_PROJECT_VERSION = 1;
				GENERATE_INFOPLIST_FILE = YES;
				INFOPLIST_FILE = Moments/Info.plist;
				INFOPLIST_KEY_UIApplicationSupportsIndirectInputEvents = YES;
				INFOPLIST_KEY_UILaunchStoryboardName = LaunchScreen;
				INFOPLIST_KEY_UIMainStoryboardFile = Main;
				INFOPLIST_KEY_UISupportedInterfaceOrientations_iPad = "UIInterfaceOrientationPortrait UIInterfaceOrientationPortraitUpsideDown UIInterfaceOrientationLandscapeLeft UIInterfaceOrientationLandscapeRight";
				INFOPLIST_KEY_UISupportedInterfaceOrientations_iPhone = "UIInterfaceOrientationPortrait UIInterfaceOrientationLandscapeLeft UIInterfaceOrientationLandscapeRight";
				LD_RUNPATH_SEARCH_PATHS = (
					"$(inherited)",
					"@executable_path/Frameworks",
				);
				MARKETING_VERSION = 1.0;
				PRODUCT_BUNDLE_IDENTIFIER = com.safe.Moments;
				PRODUCT_NAME = "$(TARGET_NAME)";
				SWIFT_EMIT_LOC_STRINGS = YES;
				SWIFT_VERSION = 5.0;
				TARGETED_DEVICE_FAMILY = "1,2";
			};
			name = Release;
		};
		A664ED852C2B07C000BF7709 /* Debug */ = {
			isa = XCBuildConfiguration;
			buildSettings = {
				ALWAYS_EMBED_SWIFT_STANDARD_LIBRARIES = YES;
				BUNDLE_LOADER = "$(TEST_HOST)";
				CODE_SIGN_STYLE = Automatic;
				CURRENT_PROJECT_VERSION = 1;
				GENERATE_INFOPLIST_FILE = YES;
				IPHONEOS_DEPLOYMENT_TARGET = 17.4;
				MARKETING_VERSION = 1.0;
				PRODUCT_BUNDLE_IDENTIFIER = com.safe.MomentsTests;
				PRODUCT_NAME = "$(TARGET_NAME)";
				SWIFT_EMIT_LOC_STRINGS = NO;
				SWIFT_VERSION = 5.0;
				TARGETED_DEVICE_FAMILY = "1,2";
				TEST_HOST = "$(BUILT_PRODUCTS_DIR)/Moments.app/$(BUNDLE_EXECUTABLE_FOLDER_PATH)/Moments";
			};
			name = Debug;
		};
		A664ED862C2B07C000BF7709 /* Release */ = {
			isa = XCBuildConfiguration;
			buildSettings = {
				ALWAYS_EMBED_SWIFT_STANDARD_LIBRARIES = YES;
				BUNDLE_LOADER = "$(TEST_HOST)";
				CODE_SIGN_STYLE = Automatic;
				CURRENT_PROJECT_VERSION = 1;
				GENERATE_INFOPLIST_FILE = YES;
				IPHONEOS_DEPLOYMENT_TARGET = 17.4;
				MARKETING_VERSION = 1.0;
				PRODUCT_BUNDLE_IDENTIFIER = com.safe.MomentsTests;
				PRODUCT_NAME = "$(TARGET_NAME)";
				SWIFT_EMIT_LOC_STRINGS = NO;
				SWIFT_VERSION = 5.0;
				TARGETED_DEVICE_FAMILY = "1,2";
				TEST_HOST = "$(BUILT_PRODUCTS_DIR)/Moments.app/$(BUNDLE_EXECUTABLE_FOLDER_PATH)/Moments";
			};
			name = Release;
		};
		A664ED882C2B07C000BF7709 /* Debug */ = {
			isa = XCBuildConfiguration;
			buildSettings = {
				ALWAYS_EMBED_SWIFT_STANDARD_LIBRARIES = YES;
				CODE_SIGN_STYLE = Automatic;
				CURRENT_PROJECT_VERSION = 1;
				GENERATE_INFOPLIST_FILE = YES;
				MARKETING_VERSION = 1.0;
				PRODUCT_BUNDLE_IDENTIFIER = com.safe.MomentsUITests;
				PRODUCT_NAME = "$(TARGET_NAME)";
				SWIFT_EMIT_LOC_STRINGS = NO;
				SWIFT_VERSION = 5.0;
				TARGETED_DEVICE_FAMILY = "1,2";
				TEST_TARGET_NAME = Moments;
			};
			name = Debug;
		};
		A664ED892C2B07C000BF7709 /* Release */ = {
			isa = XCBuildConfiguration;
			buildSettings = {
				ALWAYS_EMBED_SWIFT_STANDARD_LIBRARIES = YES;
				CODE_SIGN_STYLE = Automatic;
				CURRENT_PROJECT_VERSION = 1;
				GENERATE_INFOPLIST_FILE = YES;
				MARKETING_VERSION = 1.0;
				PRODUCT_BUNDLE_IDENTIFIER = com.safe.MomentsUITests;
				PRODUCT_NAME = "$(TARGET_NAME)";
				SWIFT_EMIT_LOC_STRINGS = NO;
				SWIFT_VERSION = 5.0;
				TARGETED_DEVICE_FAMILY = "1,2";
				TEST_TARGET_NAME = Moments;
			};
			name = Release;
		};
/* End XCBuildConfiguration section */

/* Begin XCConfigurationList section */
		A664ED522C2B07BF00BF7709 /* Build configuration list for PBXProject "Moments" */ = {
			isa = XCConfigurationList;
			buildConfigurations = (
				A664ED7F2C2B07C000BF7709 /* Debug */,
				A664ED802C2B07C000BF7709 /* Release */,
			);
			defaultConfigurationIsVisible = 0;
			defaultConfigurationName = Release;
		};
		A664ED812C2B07C000BF7709 /* Build configuration list for PBXNativeTarget "Moments" */ = {
			isa = XCConfigurationList;
			buildConfigurations = (
				A664ED822C2B07C000BF7709 /* Debug */,
				A664ED832C2B07C000BF7709 /* Release */,
			);
			defaultConfigurationIsVisible = 0;
			defaultConfigurationName = Release;
		};
		A664ED842C2B07C000BF7709 /* Build configuration list for PBXNativeTarget "MomentsTests" */ = {
			isa = XCConfigurationList;
			buildConfigurations = (
				A664ED852C2B07C000BF7709 /* Debug */,
				A664ED862C2B07C000BF7709 /* Release */,
			);
			defaultConfigurationIsVisible = 0;
			defaultConfigurationName = Release;
		};
		A664ED872C2B07C000BF7709 /* Build configuration list for PBXNativeTarget "MomentsUITests" */ = {
			isa = XCConfigurationList;
			buildConfigurations = (
				A664ED882C2B07C000BF7709 /* Debug */,
				A664ED892C2B07C000BF7709 /* Release */,
			);
			defaultConfigurationIsVisible = 0;
			defaultConfigurationName = Release;
		};
/* End XCConfigurationList section */
	};
	rootObject = A664ED4F2C2B07BF00BF7709 /* Project object */;
}
